
Microsoft Visual Studio Solution File, Format Version 12.00
# Visual Studio Version 17
VisualStudioVersion = 17.0.31903.59
MinimumVisualStudioVersion = 10.0.40219.1
Project("{2150E333-8FDC-42A3-9474-1A3956D46DE8}") = "src", "src", "{827E0CD3-B72D-47B6-A68D-7590B98EB39B}"
EndProject
Project("{FAE04EC0-301F-11D3-BF4B-00C04F79EFBC}") = "Portfolio.Web", "src\Portfolio.Web\Portfolio.Web.csproj", "{9762C5EC-00D3-405E-A902-9818F79BD5CB}"
EndProject
Project("{FAE04EC0-301F-11D3-BF4B-00C04F79EFBC}") = "Platformer.Api", "src\Platformer.Api\Platformer.Api.csproj", "{70D68F7C-E829-4CDE-85F4-D04A06EFBF69}"
EndProject
Global
	GlobalSection(SolutionConfigurationPlatforms) = preSolution
		Debug|Any CPU = Debug|Any CPU
		Debug|x64 = Debug|x64
		Debug|x86 = Debug|x86
		Release|Any CPU = Release|Any CPU
		Release|x64 = Release|x64
		Release|x86 = Release|x86
	EndGlobalSection
	GlobalSection(ProjectConfigurationPlatforms) = postSolution
		{9762C5EC-00D3-405E-A902-9818F79BD5CB}.Debug|Any CPU.ActiveCfg = Debug|Any CPU
		{9762C5EC-00D3-405E-A902-9818F79BD5CB}.Debug|Any CPU.Build.0 = Debug|Any CPU
		{9762C5EC-00D3-405E-A902-9818F79BD5CB}.Debug|x64.ActiveCfg = Debug|Any CPU
		{9762C5EC-00D3-405E-A902-9818F79BD5CB}.Debug|x64.Build.0 = Debug|Any CPU
		{9762C5EC-00D3-405E-A902-9818F79BD5CB}.Debug|x86.ActiveCfg = Debug|Any CPU
		{9762C5EC-00D3-405E-A902-9818F79BD5CB}.Debug|x86.Build.0 = Debug|Any CPU
		{9762C5EC-00D3-405E-A902-9818F79BD5CB}.Release|Any CPU.ActiveCfg = Release|Any CPU
		{9762C5EC-00D3-405E-A902-9818F79BD5CB}.Release|Any CPU.Build.0 = Release|Any CPU
		{9762C5EC-00D3-405E-A902-9818F79BD5CB}.Release|x64.ActiveCfg = Release|Any CPU
		{9762C5EC-00D3-405E-A902-9818F79BD5CB}.Release|x64.Build.0 = Release|Any CPU
		{9762C5EC-00D3-405E-A902-9818F79BD5CB}.Release|x86.ActiveCfg = Release|Any CPU
		{9762C5EC-00D3-405E-A902-9818F79BD5CB}.Release|x86.Build.0 = Release|Any CPU
		{70D68F7C-E829-4CDE-85F4-D04A06EFBF69}.Debug|Any CPU.ActiveCfg = Debug|Any CPU
		{70D68F7C-E829-4CDE-85F4-D04A06EFBF69}.Debug|Any CPU.Build.0 = Debug|Any CPU
		{70D68F7C-E829-4CDE-85F4-D04A06EFBF69}.Debug|x64.ActiveCfg = Debug|Any CPU
		{70D68F7C-E829-4CDE-85F4-D04A06EFBF69}.Debug|x64.Build.0 = Debug|Any CPU
		{70D68F7C-E829-4CDE-85F4-D04A06EFBF69}.Debug|x86.ActiveCfg = Debug|Any CPU
		{70D68F7C-E829-4CDE-85F4-D04A06EFBF69}.Debug|x86.Build.0 = Debug|Any CPU
		{70D68F7C-E829-4CDE-85F4-D04A06EFBF69}.Release|Any CPU.ActiveCfg = Release|Any CPU
		{70D68F7C-E829-4CDE-85F4-D04A06EFBF69}.Release|Any CPU.Build.0 = Release|Any CPU
		{70D68F7C-E829-4CDE-85F4-D04A06EFBF69}.Release|x64.ActiveCfg = Release|Any CPU
		{70D68F7C-E829-4CDE-85F4-D04A06EFBF69}.Release|x64.Build.0 = Release|Any CPU
		{70D68F7C-E829-4CDE-85F4-D04A06EFBF69}.Release|x86.ActiveCfg = Release|Any CPU
		{70D68F7C-E829-4CDE-85F4-D04A06EFBF69}.Release|x86.Build.0 = Release|Any CPU
	EndGlobalSection
	GlobalSection(SolutionProperties) = preSolution
		HideSolutionNode = FALSE
	EndGlobalSection
	GlobalSection(NestedProjects) = preSolution
		{9762C5EC-00D3-405E-A902-9818F79BD5CB} = {827E0CD3-B72D-47B6-A68D-7590B98EB39B}
		{70D68F7C-E829-4CDE-85F4-D04A06EFBF69} = {827E0CD3-B72D-47B6-A68D-7590B98EB39B}
	EndGlobalSection
EndGlobal
